
Microsoft Visual Studio Solution File, Format Version 12.00
# Visual Studio Version 16
VisualStudioVersion = 16.0.32228.343
MinimumVisualStudioVersion = 10.0.40219.1
Project("{FAE04EC0-301F-11D3-BF4B-00C04F79EFBC}") = "VehicleManagement.API", "VehicleManagement.API\VehicleManagement.API.csproj", "{0D49988C-00A3-40E9-8658-AE9A0CB76326}"
EndProject
Global
	GlobalSection(SolutionConfigurationPlatforms) = preSolution
		Debug|Any CPU = Debug|Any CPU
		Release|Any CPU = Release|Any CPU
	EndGlobalSection
	GlobalSection(ProjectConfigurationPlatforms) = postSolution
		{0D49988C-00A3-40E9-8658-AE9A0CB76326}.Debug|Any CPU.ActiveCfg = Debug|Any CPU
		{0D49988C-00A3-40E9-8658-AE9A0CB76326}.Debug|Any CPU.Build.0 = Debug|Any CPU
		{0D49988C-00A3-40E9-8658-AE9A0CB76326}.Release|Any CPU.ActiveCfg = Release|Any CPU
		{0D49988C-00A3-40E9-8658-AE9A0CB76326}.Release|Any CPU.Build.0 = Release|Any CPU
	EndGlobalSection
	GlobalSection(SolutionProperties) = preSolution
		HideSolutionNode = FALSE
	EndGlobalSection
	GlobalSection(ExtensibilityGlobals) = postSolution
		SolutionGuid = {ED5B5F64-7BB4-4840-A931-294968A3EFC0}
	EndGlobalSection
EndGlobal
